// !$*UTF8*$!
{
	archiveVersion = 1;
	classes = {
	};
	objectVersion = 55;
	objects = {

/* Begin PBXBuildFile section */
		C00D556F2847276C003C11EE /* MainScreen.swift in Sources */ = {isa = PBXBuildFile; fileRef = C00D556E2847276C003C11EE /* MainScreen.swift */; };
		C03550CC28469EBA00A9D633 /* Schu_lerManagerNotenappPru_fungApp.swift in Sources */ = {isa = PBXBuildFile; fileRef = C03550CB28469EBA00A9D633 /* Schu_lerManagerNotenappPru_fungApp.swift */; };
		C03550CE28469EBA00A9D633 /* ContentView.swift in Sources */ = {isa = PBXBuildFile; fileRef = C03550CD28469EBA00A9D633 /* ContentView.swift */; };
		C03550D028469EBC00A9D633 /* Assets.xcassets in Resources */ = {isa = PBXBuildFile; fileRef = C03550CF28469EBC00A9D633 /* Assets.xcassets */; };
		C03550D328469EBC00A9D633 /* Preview Assets.xcassets in Resources */ = {isa = PBXBuildFile; fileRef = C03550D228469EBC00A9D633 /* Preview Assets.xcassets */; };
		C03550DD28469EBC00A9D633 /* Schu_lerManagerNotenappPru_fungTests.swift in Sources */ = {isa = PBXBuildFile; fileRef = C03550DC28469EBC00A9D633 /* Schu_lerManagerNotenappPru_fungTests.swift */; };
		C03550E728469EBC00A9D633 /* Schu_lerManagerNotenappPru_fungUITests.swift in Sources */ = {isa = PBXBuildFile; fileRef = C03550E628469EBC00A9D633 /* Schu_lerManagerNotenappPru_fungUITests.swift */; };
		C03550E928469EBC00A9D633 /* Schu_lerManagerNotenappPru_fungUITestsLaunchTests.swift in Sources */ = {isa = PBXBuildFile; fileRef = C03550E828469EBC00A9D633 /* Schu_lerManagerNotenappPru_fungUITestsLaunchTests.swift */; };
/* End PBXBuildFile section */

/* Begin PBXContainerItemProxy section */
		C03550D928469EBC00A9D633 /* PBXContainerItemProxy */ = {
			isa = PBXContainerItemProxy;
			containerPortal = C03550C028469EBA00A9D633 /* Project object */;
			proxyType = 1;
			remoteGlobalIDString = C03550C728469EBA00A9D633;
			remoteInfo = "SchülerManagerNotenappPrüfung";
		};
		C03550E328469EBC00A9D633 /* PBXContainerItemProxy */ = {
			isa = PBXContainerItemProxy;
			containerPortal = C03550C028469EBA00A9D633 /* Project object */;
			proxyType = 1;
			remoteGlobalIDString = C03550C728469EBA00A9D633;
			remoteInfo = "SchülerManagerNotenappPrüfung";
		};
/* End PBXContainerItemProxy section */

/* Begin PBXFileReference section */
		C00D556E2847276C003C11EE /* MainScreen.swift */ = {isa = PBXFileReference; lastKnownFileType = sourcecode.swift; path = MainScreen.swift; sourceTree = "<group>"; };
		C03550C828469EBA00A9D633 /* SchülerManagerNotenappPrüfung.app */ = {isa = PBXFileReference; explicitFileType = wrapper.application; includeInIndex = 0; path = "SchülerManagerNotenappPrüfung.app"; sourceTree = BUILT_PRODUCTS_DIR; };
		C03550CB28469EBA00A9D633 /* Schu_lerManagerNotenappPru_fungApp.swift */ = {isa = PBXFileReference; lastKnownFileType = sourcecode.swift; path = Schu_lerManagerNotenappPru_fungApp.swift; sourceTree = "<group>"; };
		C03550CD28469EBA00A9D633 /* ContentView.swift */ = {isa = PBXFileReference; lastKnownFileType = sourcecode.swift; path = ContentView.swift; sourceTree = "<group>"; };
		C03550CF28469EBC00A9D633 /* Assets.xcassets */ = {isa = PBXFileReference; lastKnownFileType = folder.assetcatalog; path = Assets.xcassets; sourceTree = "<group>"; };
		C03550D228469EBC00A9D633 /* Preview Assets.xcassets */ = {isa = PBXFileReference; lastKnownFileType = folder.assetcatalog; path = "Preview Assets.xcassets"; sourceTree = "<group>"; };
		C03550D828469EBC00A9D633 /* SchülerManagerNotenappPrüfungTests.xctest */ = {isa = PBXFileReference; explicitFileType = wrapper.cfbundle; includeInIndex = 0; path = "SchülerManagerNotenappPrüfungTests.xctest"; sourceTree = BUILT_PRODUCTS_DIR; };
		C03550DC28469EBC00A9D633 /* Schu_lerManagerNotenappPru_fungTests.swift */ = {isa = PBXFileReference; lastKnownFileType = sourcecode.swift; path = Schu_lerManagerNotenappPru_fungTests.swift; sourceTree = "<group>"; };
		C03550E228469EBC00A9D633 /* SchülerManagerNotenappPrüfungUITests.xctest */ = {isa = PBXFileReference; explicitFileType = wrapper.cfbundle; includeInIndex = 0; path = "SchülerManagerNotenappPrüfungUITests.xctest"; sourceTree = BUILT_PRODUCTS_DIR; };
		C03550E628469EBC00A9D633 /* Schu_lerManagerNotenappPru_fungUITests.swift */ = {isa = PBXFileReference; lastKnownFileType = sourcecode.swift; path = Schu_lerManagerNotenappPru_fungUITests.swift; sourceTree = "<group>"; };
		C03550E828469EBC00A9D633 /* Schu_lerManagerNotenappPru_fungUITestsLaunchTests.swift */ = {isa = PBXFileReference; lastKnownFileType = sourcecode.swift; path = Schu_lerManagerNotenappPru_fungUITestsLaunchTests.swift; sourceTree = "<group>"; };
/* End PBXFileReference section */

/* Begin PBXFrameworksBuildPhase section */
		C03550C528469EBA00A9D633 /* Frameworks */ = {
			isa = PBXFrameworksBuildPhase;
			buildActionMask = 2147483647;
			files = (
			);
			runOnlyForDeploymentPostprocessing = 0;
		};
		C03550D528469EBC00A9D633 /* Frameworks */ = {
			isa = PBXFrameworksBuildPhase;
			buildActionMask = 2147483647;
			files = (
			);
			runOnlyForDeploymentPostprocessing = 0;
		};
		C03550DF28469EBC00A9D633 /* Frameworks */ = {
			isa = PBXFrameworksBuildPhase;
			buildActionMask = 2147483647;
			files = (
			);
			runOnlyForDeploymentPostprocessing = 0;
		};
/* End PBXFrameworksBuildPhase section */

/* Begin PBXGroup section */
		C03550BF28469EBA00A9D633 = {
			isa = PBXGroup;
			children = (
				C03550CA28469EBA00A9D633 /* SchülerManagerNotenappPrüfung */,
				C03550DB28469EBC00A9D633 /* SchülerManagerNotenappPrüfungTests */,
				C03550E528469EBC00A9D633 /* SchülerManagerNotenappPrüfungUITests */,
				C03550C928469EBA00A9D633 /* Products */,
			);
			sourceTree = "<group>";
		};
		C03550C928469EBA00A9D633 /* Products */ = {
			isa = PBXGroup;
			children = (
				C03550C828469EBA00A9D633 /* SchülerManagerNotenappPrüfung.app */,
				C03550D828469EBC00A9D633 /* SchülerManagerNotenappPrüfungTests.xctest */,
				C03550E228469EBC00A9D633 /* SchülerManagerNotenappPrüfungUITests.xctest */,
			);
			name = Products;
			sourceTree = "<group>";
		};
		C03550CA28469EBA00A9D633 /* SchülerManagerNotenappPrüfung */ = {
			isa = PBXGroup;
			children = (
				C03550CB28469EBA00A9D633 /* Schu_lerManagerNotenappPru_fungApp.swift */,
				C03550CD28469EBA00A9D633 /* ContentView.swift */,
				C00D556E2847276C003C11EE /* MainScreen.swift */,
				C03550CF28469EBC00A9D633 /* Assets.xcassets */,
				C03550D128469EBC00A9D633 /* Preview Content */,
			);
			path = "SchülerManagerNotenappPrüfung";
			sourceTree = "<group>";
		};
		C03550D128469EBC00A9D633 /* Preview Content */ = {
			isa = PBXGroup;
			children = (
				C03550D228469EBC00A9D633 /* Preview Assets.xcassets */,
			);
			path = "Preview Content";
			sourceTree = "<group>";
		};
		C03550DB28469EBC00A9D633 /* SchülerManagerNotenappPrüfungTests */ = {
			isa = PBXGroup;
			children = (
				C03550DC28469EBC00A9D633 /* Schu_lerManagerNotenappPru_fungTests.swift */,
			);
			path = "SchülerManagerNotenappPrüfungTests";
			sourceTree = "<group>";
		};
		C03550E528469EBC00A9D633 /* SchülerManagerNotenappPrüfungUITests */ = {
			isa = PBXGroup;
			children = (
				C03550E628469EBC00A9D633 /* Schu_lerManagerNotenappPru_fungUITests.swift */,
				C03550E828469EBC00A9D633 /* Schu_lerManagerNotenappPru_fungUITestsLaunchTests.swift */,
			);
			path = "SchülerManagerNotenappPrüfungUITests";
			sourceTree = "<group>";
		};
/* End PBXGroup section */

/* Begin PBXNativeTarget section */
		C03550C728469EBA00A9D633 /* SchülerManagerNotenappPrüfung */ = {
			isa = PBXNativeTarget;
			buildConfigurationList = C03550EC28469EBC00A9D633 /* Build configuration list for PBXNativeTarget "SchülerManagerNotenappPrüfung" */;
			buildPhases = (
				C03550C428469EBA00A9D633 /* Sources */,
				C03550C528469EBA00A9D633 /* Frameworks */,
				C03550C628469EBA00A9D633 /* Resources */,
			);
			buildRules = (
			);
			dependencies = (
			);
			name = "SchülerManagerNotenappPrüfung";
			productName = "SchülerManagerNotenappPrüfung";
			productReference = C03550C828469EBA00A9D633 /* SchülerManagerNotenappPrüfung.app */;
			productType = "com.apple.product-type.application";
		};
		C03550D728469EBC00A9D633 /* SchülerManagerNotenappPrüfungTests */ = {
			isa = PBXNativeTarget;
			buildConfigurationList = C03550EF28469EBC00A9D633 /* Build configuration list for PBXNativeTarget "SchülerManagerNotenappPrüfungTests" */;
			buildPhases = (
				C03550D428469EBC00A9D633 /* Sources */,
				C03550D528469EBC00A9D633 /* Frameworks */,
				C03550D628469EBC00A9D633 /* Resources */,
			);
			buildRules = (
			);
			dependencies = (
				C03550DA28469EBC00A9D633 /* PBXTargetDependency */,
			);
			name = "SchülerManagerNotenappPrüfungTests";
			productName = "SchülerManagerNotenappPrüfungTests";
			productReference = C03550D828469EBC00A9D633 /* SchülerManagerNotenappPrüfungTests.xctest */;
			productType = "com.apple.product-type.bundle.unit-test";
		};
		C03550E128469EBC00A9D633 /* SchülerManagerNotenappPrüfungUITests */ = {
			isa = PBXNativeTarget;
			buildConfigurationList = C03550F228469EBC00A9D633 /* Build configuration list for PBXNativeTarget "SchülerManagerNotenappPrüfungUITests" */;
			buildPhases = (
				C03550DE28469EBC00A9D633 /* Sources */,
				C03550DF28469EBC00A9D633 /* Frameworks */,
				C03550E028469EBC00A9D633 /* Resources */,
			);
			buildRules = (
			);
			dependencies = (
				C03550E428469EBC00A9D633 /* PBXTargetDependency */,
			);
			name = "SchülerManagerNotenappPrüfungUITests";
			productName = "SchülerManagerNotenappPrüfungUITests";
			productReference = C03550E228469EBC00A9D633 /* SchülerManagerNotenappPrüfungUITests.xctest */;
			productType = "com.apple.product-type.bundle.ui-testing";
		};
/* End PBXNativeTarget section */

/* Begin PBXProject section */
		C03550C028469EBA00A9D633 /* Project object */ = {
			isa = PBXProject;
			attributes = {
				BuildIndependentTargetsInParallel = 1;
				LastSwiftUpdateCheck = 1340;
				LastUpgradeCheck = 1340;
				TargetAttributes = {
					C03550C728469EBA00A9D633 = {
						CreatedOnToolsVersion = 13.4;
					};
					C03550D728469EBC00A9D633 = {
						CreatedOnToolsVersion = 13.4;
						TestTargetID = C03550C728469EBA00A9D633;
					};
					C03550E128469EBC00A9D633 = {
						CreatedOnToolsVersion = 13.4;
						TestTargetID = C03550C728469EBA00A9D633;
					};
				};
			};
			buildConfigurationList = C03550C328469EBA00A9D633 /* Build configuration list for PBXProject "SchülerManagerNotenappPrüfung" */;
			compatibilityVersion = "Xcode 13.0";
			developmentRegion = en;
			hasScannedForEncodings = 0;
			knownRegions = (
				en,
				Base,
			);
			mainGroup = C03550BF28469EBA00A9D633;
			productRefGroup = C03550C928469EBA00A9D633 /* Products */;
			projectDirPath = "";
			projectRoot = "";
			targets = (
				C03550C728469EBA00A9D633 /* SchülerManagerNotenappPrüfung */,
				C03550D728469EBC00A9D633 /* SchülerManagerNotenappPrüfungTests */,
				C03550E128469EBC00A9D633 /* SchülerManagerNotenappPrüfungUITests */,
			);
		};
/* End PBXProject section */

/* Begin PBXResourcesBuildPhase section */
		C03550C628469EBA00A9D633 /* Resources */ = {
			isa = PBXResourcesBuildPhase;
			buildActionMask = 2147483647;
			files = (
				C03550D328469EBC00A9D633 /* Preview Assets.xcassets in Resources */,
				C03550D028469EBC00A9D633 /* Assets.xcassets in Resources */,
			);
			runOnlyForDeploymentPostprocessing = 0;
		};
		C03550D628469EBC00A9D633 /* Resources */ = {
			isa = PBXResourcesBuildPhase;
			buildActionMask = 2147483647;
			files = (
			);
			runOnlyForDeploymentPostprocessing = 0;
		};
		C03550E028469EBC00A9D633 /* Resources */ = {
			isa = PBXResourcesBuildPhase;
			buildActionMask = 2147483647;
			files = (
			);
			runOnlyForDeploymentPostprocessing = 0;
		};
/* End PBXResourcesBuildPhase section */

/* Begin PBXSourcesBuildPhase section */
		C03550C428469EBA00A9D633 /* Sources */ = {
			isa = PBXSourcesBuildPhase;
			buildActionMask = 2147483647;
			files = (
				C00D556F2847276C003C11EE /* MainScreen.swift in Sources */,
				C03550CE28469EBA00A9D633 /* ContentView.swift in Sources */,
				C03550CC28469EBA00A9D633 /* Schu_lerManagerNotenappPru_fungApp.swift in Sources */,
			);
			runOnlyForDeploymentPostprocessing = 0;
		};
		C03550D428469EBC00A9D633 /* Sources */ = {
			isa = PBXSourcesBuildPhase;
			buildActionMask = 2147483647;
			files = (
				C03550DD28469EBC00A9D633 /* Schu_lerManagerNotenappPru_fungTests.swift in Sources */,
			);
			runOnlyForDeploymentPostprocessing = 0;
		};
		C03550DE28469EBC00A9D633 /* Sources */ = {
			isa = PBXSourcesBuildPhase;
			buildActionMask = 2147483647;
			files = (
				C03550E928469EBC00A9D633 /* Schu_lerManagerNotenappPru_fungUITestsLaunchTests.swift in Sources */,
				C03550E728469EBC00A9D633 /* Schu_lerManagerNotenappPru_fungUITests.swift in Sources */,
			);
			runOnlyForDeploymentPostprocessing = 0;
		};
/* End PBXSourcesBuildPhase section */

/* Begin PBXTargetDependency section */
		C03550DA28469EBC00A9D633 /* PBXTargetDependency */ = {
			isa = PBXTargetDependency;
			target = C03550C728469EBA00A9D633 /* SchülerManagerNotenappPrüfung */;
			targetProxy = C03550D928469EBC00A9D633 /* PBXContainerItemProxy */;
		};
		C03550E428469EBC00A9D633 /* PBXTargetDependency */ = {
			isa = PBXTargetDependency;
			target = C03550C728469EBA00A9D633 /* SchülerManagerNotenappPrüfung */;
			targetProxy = C03550E328469EBC00A9D633 /* PBXContainerItemProxy */;
		};
/* End PBXTargetDependency section */

/* Begin XCBuildConfiguration section */
		C03550EA28469EBC00A9D633 /* Debug */ = {
			isa = XCBuildConfiguration;
			buildSettings = {
				ALWAYS_SEARCH_USER_PATHS = NO;
				CLANG_ANALYZER_NONNULL = YES;
				CLANG_ANALYZER_NUMBER_OBJECT_CONVERSION = YES_AGGRESSIVE;
				CLANG_CXX_LANGUAGE_STANDARD = "gnu++17";
				CLANG_ENABLE_MODULES = YES;
				CLANG_ENABLE_OBJC_ARC = YES;
				CLANG_ENABLE_OBJC_WEAK = YES;
				CLANG_WARN_BLOCK_CAPTURE_AUTORELEASING = YES;
				CLANG_WARN_BOOL_CONVERSION = YES;
				CLANG_WARN_COMMA = YES;
				CLANG_WARN_CONSTANT_CONVERSION = YES;
				CLANG_WARN_DEPRECATED_OBJC_IMPLEMENTATIONS = YES;
				CLANG_WARN_DIRECT_OBJC_ISA_USAGE = YES_ERROR;
				CLANG_WARN_DOCUMENTATION_COMMENTS = YES;
				CLANG_WARN_EMPTY_BODY = YES;
				CLANG_WARN_ENUM_CONVERSION = YES;
				CLANG_WARN_INFINITE_RECURSION = YES;
				CLANG_WARN_INT_CONVERSION = YES;
				CLANG_WARN_NON_LITERAL_NULL_CONVERSION = YES;
				CLANG_WARN_OBJC_IMPLICIT_RETAIN_SELF = YES;
				CLANG_WARN_OBJC_LITERAL_CONVERSION = YES;
				CLANG_WARN_OBJC_ROOT_CLASS = YES_ERROR;
				CLANG_WARN_QUOTED_INCLUDE_IN_FRAMEWORK_HEADER = YES;
				CLANG_WARN_RANGE_LOOP_ANALYSIS = YES;
				CLANG_WARN_STRICT_PROTOTYPES = YES;
				CLANG_WARN_SUSPICIOUS_MOVE = YES;
				CLANG_WARN_UNGUARDED_AVAILABILITY = YES_AGGRESSIVE;
				CLANG_WARN_UNREACHABLE_CODE = YES;
				CLANG_WARN__DUPLICATE_METHOD_MATCH = YES;
				COPY_PHASE_STRIP = NO;
				DEBUG_INFORMATION_FORMAT = dwarf;
				ENABLE_STRICT_OBJC_MSGSEND = YES;
				ENABLE_TESTABILITY = YES;
				GCC_C_LANGUAGE_STANDARD = gnu11;
				GCC_DYNAMIC_NO_PIC = NO;
				GCC_NO_COMMON_BLOCKS = YES;
				GCC_OPTIMIZATION_LEVEL = 0;
				GCC_PREPROCESSOR_DEFINITIONS = (
					"DEBUG=1",
					"$(inherited)",
				);
				GCC_WARN_64_TO_32_BIT_CONVERSION = YES;
				GCC_WARN_ABOUT_RETURN_TYPE = YES_ERROR;
				GCC_WARN_UNDECLARED_SELECTOR = YES;
				GCC_WARN_UNINITIALIZED_AUTOS = YES_AGGRESSIVE;
				GCC_WARN_UNUSED_FUNCTION = YES;
				GCC_WARN_UNUSED_VARIABLE = YES;
				IPHONEOS_DEPLOYMENT_TARGET = 15.5;
				MTL_ENABLE_DEBUG_INFO = INCLUDE_SOURCE;
				MTL_FAST_MATH = YES;
				ONLY_ACTIVE_ARCH = YES;
				SDKROOT = iphoneos;
				SWIFT_ACTIVE_COMPILATION_CONDITIONS = DEBUG;
				SWIFT_OPTIMIZATION_LEVEL = "-Onone";
			};
			name = Debug;
		};
		C03550EB28469EBC00A9D633 /* Release */ = {
			isa = XCBuildConfiguration;
			buildSettings = {
				ALWAYS_SEARCH_USER_PATHS = NO;
				CLANG_ANALYZER_NONNULL = YES;
				CLANG_ANALYZER_NUMBER_OBJECT_CONVERSION = YES_AGGRESSIVE;
				CLANG_CXX_LANGUAGE_STANDARD = "gnu++17";
				CLANG_ENABLE_MODULES = YES;
				CLANG_ENABLE_OBJC_ARC = YES;
				CLANG_ENABLE_OBJC_WEAK = YES;
				CLANG_WARN_BLOCK_CAPTURE_AUTORELEASING = YES;
				CLANG_WARN_BOOL_CONVERSION = YES;
				CLANG_WARN_COMMA = YES;
				CLANG_WARN_CONSTANT_CONVERSION = YES;
				CLANG_WARN_DEPRECATED_OBJC_IMPLEMENTATIONS = YES;
				CLANG_WARN_DIRECT_OBJC_ISA_USAGE = YES_ERROR;
				CLANG_WARN_DOCUMENTATION_COMMENTS = YES;
				CLANG_WARN_EMPTY_BODY = YES;
				CLANG_WARN_ENUM_CONVERSION = YES;
				CLANG_WARN_INFINITE_RECURSION = YES;
				CLANG_WARN_INT_CONVERSION = YES;
				CLANG_WARN_NON_LITERAL_NULL_CONVERSION = YES;
				CLANG_WARN_OBJC_IMPLICIT_RETAIN_SELF = YES;
				CLANG_WARN_OBJC_LITERAL_CONVERSION = YES;
				CLANG_WARN_OBJC_ROOT_CLASS = YES_ERROR;
				CLANG_WARN_QUOTED_INCLUDE_IN_FRAMEWORK_HEADER = YES;
				CLANG_WARN_RANGE_LOOP_ANALYSIS = YES;
				CLANG_WARN_STRICT_PROTOTYPES = YES;
				CLANG_WARN_SUSPICIOUS_MOVE = YES;
				CLANG_WARN_UNGUARDED_AVAILABILITY = YES_AGGRESSIVE;
				CLANG_WARN_UNREACHABLE_CODE = YES;
				CLANG_WARN__DUPLICATE_METHOD_MATCH = YES;
				COPY_PHASE_STRIP = NO;
				DEBUG_INFORMATION_FORMAT = "dwarf-with-dsym";
				ENABLE_NS_ASSERTIONS = NO;
				ENABLE_STRICT_OBJC_MSGSEND = YES;
				GCC_C_LANGUAGE_STANDARD = gnu11;
				GCC_NO_COMMON_BLOCKS = YES;
				GCC_WARN_64_TO_32_BIT_CONVERSION = YES;
				GCC_WARN_ABOUT_RETURN_TYPE = YES_ERROR;
				GCC_WARN_UNDECLARED_SELECTOR = YES;
				GCC_WARN_UNINITIALIZED_AUTOS = YES_AGGRESSIVE;
				GCC_WARN_UNUSED_FUNCTION = YES;
				GCC_WARN_UNUSED_VARIABLE = YES;
				IPHONEOS_DEPLOYMENT_TARGET = 15.5;
				MTL_ENABLE_DEBUG_INFO = NO;
				MTL_FAST_MATH = YES;
				SDKROOT = iphoneos;
				SWIFT_COMPILATION_MODE = wholemodule;
				SWIFT_OPTIMIZATION_LEVEL = "-O";
				VALIDATE_PRODUCT = YES;
			};
			name = Release;
		};
		C03550ED28469EBC00A9D633 /* Debug */ = {
			isa = XCBuildConfiguration;
			buildSettings = {
				ASSETCATALOG_COMPILER_APPICON_NAME = AppIcon;
				ASSETCATALOG_COMPILER_GLOBAL_ACCENT_COLOR_NAME = AccentColor;
				CODE_SIGN_STYLE = Automatic;
				CURRENT_PROJECT_VERSION = 1;
				DEVELOPMENT_ASSET_PATHS = "\"SchülerManagerNotenappPrüfung/Preview Content\"";
				DEVELOPMENT_TEAM = JP72348WJB;
				ENABLE_PREVIEWS = YES;
				GENERATE_INFOPLIST_FILE = YES;
				INFOPLIST_KEY_UIApplicationSceneManifest_Generation = YES;
				INFOPLIST_KEY_UIApplicationSupportsIndirectInputEvents = YES;
				INFOPLIST_KEY_UILaunchScreen_Generation = YES;
				INFOPLIST_KEY_UISupportedInterfaceOrientations_iPad = "UIInterfaceOrientationPortrait UIInterfaceOrientationPortraitUpsideDown UIInterfaceOrientationLandscapeLeft UIInterfaceOrientationLandscapeRight";
				INFOPLIST_KEY_UISupportedInterfaceOrientations_iPhone = "UIInterfaceOrientationPortrait UIInterfaceOrientationLandscapeLeft UIInterfaceOrientationLandscapeRight";
				LD_RUNPATH_SEARCH_PATHS = (
					"$(inherited)",
					"@executable_path/Frameworks",
				);
				MARKETING_VERSION = 1.0;
				PRODUCT_BUNDLE_IDENTIFIER = "com.LassevonPfeil.Schu-lerManagerNotenappPru-fung";
				PRODUCT_NAME = "$(TARGET_NAME)";
				SWIFT_EMIT_LOC_STRINGS = YES;
				SWIFT_VERSION = 5.0;
				TARGETED_DEVICE_FAMILY = "1,2";
			};
			name = Debug;
		};
		C03550EE28469EBC00A9D633 /* Release */ = {
			isa = XCBuildConfiguration;
			buildSettings = {
				ASSETCATALOG_COMPILER_APPICON_NAME = AppIcon;
				ASSETCATALOG_COMPILER_GLOBAL_ACCENT_COLOR_NAME = AccentColor;
				CODE_SIGN_STYLE = Automatic;
				CURRENT_PROJECT_VERSION = 1;
				DEVELOPMENT_ASSET_PATHS = "\"SchülerManagerNotenappPrüfung/Preview Content\"";
				DEVELOPMENT_TEAM = JP72348WJB;
				ENABLE_PREVIEWS = YES;
				GENERATE_INFOPLIST_FILE = YES;
				INFOPLIST_KEY_UIApplicationSceneManifest_Generation = YES;
				INFOPLIST_KEY_UIApplicationSupportsIndirectInputEvents = YES;
				INFOPLIST_KEY_UILaunchScreen_Generation = YES;
				INFOPLIST_KEY_UISupportedInterfaceOrientations_iPad = "UIInterfaceOrientationPortrait UIInterfaceOrientationPortraitUpsideDown UIInterfaceOrientationLandscapeLeft UIInterfaceOrientationLandscapeRight";
				INFOPLIST_KEY_UISupportedInterfaceOrientations_iPhone = "UIInterfaceOrientationPortrait UIInterfaceOrientationLandscapeLeft UIInterfaceOrientationLandscapeRight";
				LD_RUNPATH_SEARCH_PATHS = (
					"$(inherited)",
					"@executable_path/Frameworks",
				);
				MARKETING_VERSION = 1.0;
				PRODUCT_BUNDLE_IDENTIFIER = "com.LassevonPfeil.Schu-lerManagerNotenappPru-fung";
				PRODUCT_NAME = "$(TARGET_NAME)";
				SWIFT_EMIT_LOC_STRINGS = YES;
				SWIFT_VERSION = 5.0;
				TARGETED_DEVICE_FAMILY = "1,2";
			};
			name = Release;
		};
		C03550F028469EBC00A9D633 /* Debug */ = {
			isa = XCBuildConfiguration;
			buildSettings = {
				ALWAYS_EMBED_SWIFT_STANDARD_LIBRARIES = YES;
				BUNDLE_LOADER = "$(TEST_HOST)";
				CODE_SIGN_STYLE = Automatic;
				CURRENT_PROJECT_VERSION = 1;
				GENERATE_INFOPLIST_FILE = YES;
				IPHONEOS_DEPLOYMENT_TARGET = 15.5;
				MARKETING_VERSION = 1.0;
				PRODUCT_BUNDLE_IDENTIFIER = "com.LassevonPfeil.Schu-lerManagerNotenappPru-fungTests";
				PRODUCT_NAME = "$(TARGET_NAME)";
				SWIFT_EMIT_LOC_STRINGS = NO;
				SWIFT_VERSION = 5.0;
				TARGETED_DEVICE_FAMILY = "1,2";
				TEST_HOST = "$(BUILT_PRODUCTS_DIR)/SchülerManagerNotenappPrüfung.app/SchülerManagerNotenappPrüfung";
			};
			name = Debug;
		};
		C03550F128469EBC00A9D633 /* Release */ = {
			isa = XCBuildConfiguration;
			buildSettings = {
				ALWAYS_EMBED_SWIFT_STANDARD_LIBRARIES = YES;
				BUNDLE_LOADER = "$(TEST_HOST)";
				CODE_SIGN_STYLE = Automatic;
				CURRENT_PROJECT_VERSION = 1;
				GENERATE_INFOPLIST_FILE = YES;
				IPHONEOS_DEPLOYMENT_TARGET = 15.5;
				MARKETING_VERSION = 1.0;
				PRODUCT_BUNDLE_IDENTIFIER = "com.LassevonPfeil.Schu-lerManagerNotenappPru-fungTests";
				PRODUCT_NAME = "$(TARGET_NAME)";
				SWIFT_EMIT_LOC_STRINGS = NO;
				SWIFT_VERSION = 5.0;
				TARGETED_DEVICE_FAMILY = "1,2";
				TEST_HOST = "$(BUILT_PRODUCTS_DIR)/SchülerManagerNotenappPrüfung.app/SchülerManagerNotenappPrüfung";
			};
			name = Release;
		};
		C03550F328469EBC00A9D633 /* Debug */ = {
			isa = XCBuildConfiguration;
			buildSettings = {
				ALWAYS_EMBED_SWIFT_STANDARD_LIBRARIES = YES;
				CODE_SIGN_STYLE = Automatic;
				CURRENT_PROJECT_VERSION = 1;
				GENERATE_INFOPLIST_FILE = YES;
				MARKETING_VERSION = 1.0;
				PRODUCT_BUNDLE_IDENTIFIER = "com.LassevonPfeil.Schu-lerManagerNotenappPru-fungUITests";
				PRODUCT_NAME = "$(TARGET_NAME)";
				SWIFT_EMIT_LOC_STRINGS = NO;
				SWIFT_VERSION = 5.0;
				TARGETED_DEVICE_FAMILY = "1,2";
				TEST_TARGET_NAME = "SchülerManagerNotenappPrüfung";
			};
			name = Debug;
		};
		C03550F428469EBC00A9D633 /* Release */ = {
			isa = XCBuildConfiguration;
			buildSettings = {
				ALWAYS_EMBED_SWIFT_STANDARD_LIBRARIES = YES;
				CODE_SIGN_STYLE = Automatic;
				CURRENT_PROJECT_VERSION = 1;
				GENERATE_INFOPLIST_FILE = YES;
				MARKETING_VERSION = 1.0;
				PRODUCT_BUNDLE_IDENTIFIER = "com.LassevonPfeil.Schu-lerManagerNotenappPru-fungUITests";
				PRODUCT_NAME = "$(TARGET_NAME)";
				SWIFT_EMIT_LOC_STRINGS = NO;
				SWIFT_VERSION = 5.0;
				TARGETED_DEVICE_FAMILY = "1,2";
				TEST_TARGET_NAME = "SchülerManagerNotenappPrüfung";
			};
			name = Release;
		};
/* End XCBuildConfiguration section */

/* Begin XCConfigurationList section */
		C03550C328469EBA00A9D633 /* Build configuration list for PBXProject "SchülerManagerNotenappPrüfung" */ = {
			isa = XCConfigurationList;
			buildConfigurations = (
				C03550EA28469EBC00A9D633 /* Debug */,
				C03550EB28469EBC00A9D633 /* Release */,
			);
			defaultConfigurationIsVisible = 0;
			defaultConfigurationName = Release;
		};
		C03550EC28469EBC00A9D633 /* Build configuration list for PBXNativeTarget "SchülerManagerNotenappPrüfung" */ = {
			isa = XCConfigurationList;
			buildConfigurations = (
				C03550ED28469EBC00A9D633 /* Debug */,
				C03550EE28469EBC00A9D633 /* Release */,
			);
			defaultConfigurationIsVisible = 0;
			defaultConfigurationName = Release;
		};
		C03550EF28469EBC00A9D633 /* Build configuration list for PBXNativeTarget "SchülerManagerNotenappPrüfungTests" */ = {
			isa = XCConfigurationList;
			buildConfigurations = (
				C03550F028469EBC00A9D633 /* Debug */,
				C03550F128469EBC00A9D633 /* Release */,
			);
			defaultConfigurationIsVisible = 0;
			defaultConfigurationName = Release;
		};
		C03550F228469EBC00A9D633 /* Build configuration list for PBXNativeTarget "SchülerManagerNotenappPrüfungUITests" */ = {
			isa = XCConfigurationList;
			buildConfigurations = (
				C03550F328469EBC00A9D633 /* Debug */,
				C03550F428469EBC00A9D633 /* Release */,
			);
			defaultConfigurationIsVisible = 0;
			defaultConfigurationName = Release;
		};
/* End XCConfigurationList section */
	};
	rootObject = C03550C028469EBA00A9D633 /* Project object */;
}
